
Microsoft Visual Studio Solution File, Format Version 9.00
# Visual Studio 2005
Project("{FAE04EC0-301F-11D3-BF4B-00C04F79EFBC}") = "AmpService", "AmpService\AmpService.csproj", "{1807FDE0-8023-47E3-992A-E20431791F97}"
	ProjectSection(WebsiteProperties) = preProject
		SccProjectName = ""$/Inforoom/NET2.0/AMPService/src", EEFAAAAA"
		SccAuxPath = ""
		SccLocalPath = ".."
		SccProvider = "MSSCCI:Microsoft Visual SourceSafe"
		Debug.AspNetCompiler.Debug = "True"
		Release.AspNetCompiler.Debug = "False"
		VWDPort = "3335"
	EndProjectSection
	ProjectSection(ProjectDependencies) = postProject
		{046F74A6-68A8-4E5E-A9AB-7332B631CFB1} = {046F74A6-68A8-4E5E-A9AB-7332B631CFB1}
	EndProjectSection
EndProject
Project("{FAE04EC0-301F-11D3-BF4B-00C04F79EFBC}") = "AmpService.Tests", "AmpService.Tests\AmpService.Tests.csproj", "{0E941CA7-6BAC-4E49-A9A0-450D2B6E4E89}"
	ProjectSection(WebsiteProperties) = preProject
		Debug.AspNetCompiler.Debug = "True"
		Release.AspNetCompiler.Debug = "False"
	EndProjectSection
	ProjectSection(ProjectDependencies) = postProject
		{1807FDE0-8023-47E3-992A-E20431791F97} = {1807FDE0-8023-47E3-992A-E20431791F97}
	EndProjectSection
EndProject
Project("{FAE04EC0-301F-11D3-BF4B-00C04F79EFBC}") = "ExecuteTemplate", "..\..\ExecuteTemplate\src\ExecuteTemplate\ExecuteTemplate.csproj", "{046F74A6-68A8-4E5E-A9AB-7332B631CFB1}"
	ProjectSection(WebsiteProperties) = preProject
		Debug.AspNetCompiler.Debug = "True"
		Release.AspNetCompiler.Debug = "False"
	EndProjectSection
EndProject
Project("{2150E333-8FDC-42A3-9474-1A3956D46DE8}") = "lib", "lib", "{4819EC42-24B7-409C-AD69-33AB3E883BBC}"
	ProjectSection(WebsiteProperties) = preProject
		Debug.AspNetCompiler.Debug = "True"
		Release.AspNetCompiler.Debug = "False"
	EndProjectSection
EndProject
Global
	GlobalSection(SourceCodeControl) = preSolution
		SccNumberOfProjects = 4
		SccLocalPath0 = .
		SccProjectUniqueName1 = AmpService\\AmpService.csproj
		SccLocalPath1 = .
		SccProjectFilePathRelativizedFromConnection1 = AmpService\\
		SccProjectUniqueName2 = AmpService.Tests\\AmpService.Tests.csproj
		SccLocalPath2 = .
		SccProjectFilePathRelativizedFromConnection2 = AmpService.Tests\\
		SccProjectUniqueName3 = ..\\..\\ExecuteTemplate\\src\\ExecuteTemplate\\ExecuteTemplate.csproj
		SccProjectTopLevelParentUniqueName3 = AMPService.sln
		SccProjectName3 = \u0022$/Inforoom/NET2.0/ExecuteTemplate/src/ExecuteTemplate\u0022,\u0020VOGAAAAA
		SccLocalPath3 = ..\\..\\ExecuteTemplate\\src\\ExecuteTemplate
	EndGlobalSection
	GlobalSection(SolutionConfigurationPlatforms) = preSolution
		Debug|.NET = Debug|.NET
		Debug|Any CPU = Debug|Any CPU
		Debug|Mixed Platforms = Debug|Mixed Platforms
		Release|.NET = Release|.NET
		Release|Any CPU = Release|Any CPU
		Release|Mixed Platforms = Release|Mixed Platforms
	EndGlobalSection
	GlobalSection(ProjectConfigurationPlatforms) = postSolution
		{1807FDE0-8023-47E3-992A-E20431791F97}.Debug|.NET.ActiveCfg = Debug|Any CPU
		{1807FDE0-8023-47E3-992A-E20431791F97}.Debug|Any CPU.ActiveCfg = Debug|Any CPU
		{1807FDE0-8023-47E3-992A-E20431791F97}.Debug|Any CPU.Build.0 = Debug|Any CPU
		{1807FDE0-8023-47E3-992A-E20431791F97}.Debug|Mixed Platforms.ActiveCfg = Debug|Any CPU
		{1807FDE0-8023-47E3-992A-E20431791F97}.Debug|Mixed Platforms.Build.0 = Debug|Any CPU
		{1807FDE0-8023-47E3-992A-E20431791F97}.Release|.NET.ActiveCfg = Release|Any CPU
		{1807FDE0-8023-47E3-992A-E20431791F97}.Release|Any CPU.ActiveCfg = Release|Any CPU
		{1807FDE0-8023-47E3-992A-E20431791F97}.Release|Any CPU.Build.0 = Release|Any CPU
		{1807FDE0-8023-47E3-992A-E20431791F97}.Release|Mixed Platforms.ActiveCfg = Release|Any CPU
		{1807FDE0-8023-47E3-992A-E20431791F97}.Release|Mixed Platforms.Build.0 = Release|Any CPU
		{0E941CA7-6BAC-4E49-A9A0-450D2B6E4E89}.Debug|.NET.ActiveCfg = Debug|Any CPU
		{0E941CA7-6BAC-4E49-A9A0-450D2B6E4E89}.Debug|Any CPU.ActiveCfg = Debug|Any CPU
		{0E941CA7-6BAC-4E49-A9A0-450D2B6E4E89}.Debug|Any CPU.Build.0 = Debug|Any CPU
		{0E941CA7-6BAC-4E49-A9A0-450D2B6E4E89}.Debug|Mixed Platforms.ActiveCfg = Debug|Any CPU
		{0E941CA7-6BAC-4E49-A9A0-450D2B6E4E89}.Debug|Mixed Platforms.Build.0 = Debug|Any CPU
		{0E941CA7-6BAC-4E49-A9A0-450D2B6E4E89}.Release|.NET.ActiveCfg = Release|Any CPU
		{0E941CA7-6BAC-4E49-A9A0-450D2B6E4E89}.Release|Any CPU.ActiveCfg = Release|Any CPU
		{0E941CA7-6BAC-4E49-A9A0-450D2B6E4E89}.Release|Any CPU.Build.0 = Release|Any CPU
		{0E941CA7-6BAC-4E49-A9A0-450D2B6E4E89}.Release|Mixed Platforms.ActiveCfg = Release|Any CPU
		{0E941CA7-6BAC-4E49-A9A0-450D2B6E4E89}.Release|Mixed Platforms.Build.0 = Release|Any CPU
		{046F74A6-68A8-4E5E-A9AB-7332B631CFB1}.Debug|.NET.ActiveCfg = Debug|Any CPU
		{046F74A6-68A8-4E5E-A9AB-7332B631CFB1}.Debug|Any CPU.ActiveCfg = Debug|Any CPU
		{046F74A6-68A8-4E5E-A9AB-7332B631CFB1}.Debug|Any CPU.Build.0 = Debug|Any CPU
		{046F74A6-68A8-4E5E-A9AB-7332B631CFB1}.Debug|Mixed Platforms.ActiveCfg = Debug|Any CPU
		{046F74A6-68A8-4E5E-A9AB-7332B631CFB1}.Debug|Mixed Platforms.Build.0 = Debug|Any CPU
		{046F74A6-68A8-4E5E-A9AB-7332B631CFB1}.Release|.NET.ActiveCfg = Release|Any CPU
		{046F74A6-68A8-4E5E-A9AB-7332B631CFB1}.Release|Any CPU.ActiveCfg = Release|Any CPU
		{046F74A6-68A8-4E5E-A9AB-7332B631CFB1}.Release|Any CPU.Build.0 = Release|Any CPU
		{046F74A6-68A8-4E5E-A9AB-7332B631CFB1}.Release|Mixed Platforms.ActiveCfg = Release|Any CPU
		{046F74A6-68A8-4E5E-A9AB-7332B631CFB1}.Release|Mixed Platforms.Build.0 = Release|Any CPU
	EndGlobalSection
	GlobalSection(SolutionProperties) = preSolution
		HideSolutionNode = FALSE
	EndGlobalSection
	GlobalSection(NestedProjects) = preSolution
		{046F74A6-68A8-4E5E-A9AB-7332B631CFB1} = {4819EC42-24B7-409C-AD69-33AB3E883BBC}
	EndGlobalSection
EndGlobal
