
Microsoft Visual Studio Solution File, Format Version 9.00
# Visual Studio 2005
Project("{E24C65DC-7377-472B-9ABA-BC803B73C61A}") = "D:\...\AMPService\", "AMPService", "{C08A4805-3DD7-44C9-BC6E-30FF81FAC7BA}"
	ProjectSection(WebsiteProperties) = preProject
		SccProjectName = ""$/Inforoom/NET2.0/AMPService/src", EEFAAAAA"
		SccAuxPath = ""
		SccLocalPath = ".."
		SccProvider = "MSSCCI:Microsoft Visual SourceSafe"
		Debug.AspNetCompiler.VirtualPath = "/AMPService"
		Debug.AspNetCompiler.PhysicalPath = "AMPService\"
		Debug.AspNetCompiler.TargetPath = "PrecompiledWeb\AMPService\"
		Debug.AspNetCompiler.Updateable = "true"
		Debug.AspNetCompiler.ForceOverwrite = "true"
		Debug.AspNetCompiler.FixedNames = "false"
		Debug.AspNetCompiler.Debug = "True"
		Release.AspNetCompiler.VirtualPath = "/AMPService"
		Release.AspNetCompiler.PhysicalPath = "AMPService\"
		Release.AspNetCompiler.TargetPath = "PrecompiledWeb\AMPService\"
		Release.AspNetCompiler.Updateable = "true"
		Release.AspNetCompiler.ForceOverwrite = "true"
		Release.AspNetCompiler.FixedNames = "false"
		Release.AspNetCompiler.Debug = "False"
		VWDPort = "3335"
		DefaultWebSiteLanguage = "Visual C#"
	EndProjectSection
EndProject
Global
	GlobalSection(SourceCodeControl) = preSolution
		SccNumberOfProjects = 2
		SccLocalPath0 = .
		SccWebProject1 = true
		SccProjectUniqueName1 = AMPService
		SccProjectName1 = \u0022$/Inforoom/NET2.0/AMPService/src\u0022,\u0020EEFAAAAA
		SccLocalPath1 = .
		SccProjectFilePathRelativizedFromConnection1 = AMPService\\
		SccProjectEnlistmentChoice1 = 2
	EndGlobalSection
	GlobalSection(SolutionConfigurationPlatforms) = preSolution
		Debug|.NET = Debug|.NET
		Debug|Any CPU = Debug|Any CPU
		Debug|Mixed Platforms = Debug|Mixed Platforms
		Release|.NET = Release|.NET
		Release|Any CPU = Release|Any CPU
		Release|Mixed Platforms = Release|Mixed Platforms
	EndGlobalSection
	GlobalSection(ProjectConfigurationPlatforms) = postSolution
		{C08A4805-3DD7-44C9-BC6E-30FF81FAC7BA}.Debug|.NET.ActiveCfg = Debug|.NET
		{C08A4805-3DD7-44C9-BC6E-30FF81FAC7BA}.Debug|.NET.Build.0 = Debug|.NET
		{C08A4805-3DD7-44C9-BC6E-30FF81FAC7BA}.Debug|Any CPU.ActiveCfg = Debug|.NET
		{C08A4805-3DD7-44C9-BC6E-30FF81FAC7BA}.Debug|Mixed Platforms.ActiveCfg = Debug|.NET
		{C08A4805-3DD7-44C9-BC6E-30FF81FAC7BA}.Debug|Mixed Platforms.Build.0 = Debug|.NET
		{C08A4805-3DD7-44C9-BC6E-30FF81FAC7BA}.Release|.NET.ActiveCfg = Debug|.NET
		{C08A4805-3DD7-44C9-BC6E-30FF81FAC7BA}.Release|.NET.Build.0 = Debug|.NET
		{C08A4805-3DD7-44C9-BC6E-30FF81FAC7BA}.Release|Any CPU.ActiveCfg = Debug|.NET
		{C08A4805-3DD7-44C9-BC6E-30FF81FAC7BA}.Release|Mixed Platforms.ActiveCfg = Debug|.NET
		{C08A4805-3DD7-44C9-BC6E-30FF81FAC7BA}.Release|Mixed Platforms.Build.0 = Debug|.NET
	EndGlobalSection
	GlobalSection(SolutionProperties) = preSolution
		HideSolutionNode = FALSE
	EndGlobalSection
EndGlobal
