
Microsoft Visual Studio Solution File, Format Version 10.00
# Visual Studio 2008
Project("{2150E333-8FDC-42A3-9474-1A3956D46DE8}") = "lib", "lib", "{4819EC42-24B7-409C-AD69-33AB3E883BBC}"
EndProject
Project("{FAE04EC0-301F-11D3-BF4B-00C04F79EFBC}") = "AmpService", "AmpService\AmpService.csproj", "{1807FDE0-8023-47E3-992A-E20431791F97}"
EndProject
Project("{FAE04EC0-301F-11D3-BF4B-00C04F79EFBC}") = "Common.Models", "Common.Models\Common.Models\Common.Models.csproj", "{80C9F352-5EED-41B2-989A-6628BCAF4D36}"
EndProject
Project("{FAE04EC0-301F-11D3-BF4B-00C04F79EFBC}") = "Common.Models.Tests", "Common.Models\Common.Models.Tests\Common.Models.Tests.csproj", "{75D6B3B6-82B6-448F-8565-DBD2FD467D4F}"
EndProject
Project("{FAE04EC0-301F-11D3-BF4B-00C04F79EFBC}") = "Common.MySql", "Common.MySql\Common.MySql\Common.MySql.csproj", "{8A680813-C83B-497A-85E6-E8F07B7D7650}"
EndProject
Project("{FAE04EC0-301F-11D3-BF4B-00C04F79EFBC}") = "Common.MySql.Tests", "Common.MySql\Common.MySql.Tests\Common.MySql.Tests.csproj", "{98EFE255-60D6-4C1B-95A6-49779D21E94E}"
EndProject
Project("{FAE04EC0-301F-11D3-BF4B-00C04F79EFBC}") = "Common.Tools", "Common.Tools\Common.Tools\Common.Tools.csproj", "{72AFCFE8-C9E9-45FA-9698-BEE896A517A3}"
EndProject
Project("{FAE04EC0-301F-11D3-BF4B-00C04F79EFBC}") = "Common.Tools.Tests", "Common.Tools\Common.Tools.Test\Common.Tools.Tests.csproj", "{A2C4864F-8976-4C5B-A2BF-60AE31749BB7}"
EndProject
Project("{FAE04EC0-301F-11D3-BF4B-00C04F79EFBC}") = "Common.Service", "Common.Service\Common.Service\Common.Service.csproj", "{42D52206-A0F4-4624-B3DA-D554DC6A5C09}"
EndProject
Project("{FAE04EC0-301F-11D3-BF4B-00C04F79EFBC}") = "Common.Service.Tests", "Common.Service\Common.Service.Tests\Common.Service.Tests.csproj", "{CD94B599-2068-48C8-ABFB-D60E86C33613}"
EndProject
Project("{2150E333-8FDC-42A3-9474-1A3956D46DE8}") = "test", "test", "{31EC5253-AF84-4373-AD6D-4098FFDAF4E4}"
EndProject
Project("{FAE04EC0-301F-11D3-BF4B-00C04F79EFBC}") = "Unit", "Unit\Unit.csproj", "{FACEFF67-13A0-4424-921A-A51A85260078}"
EndProject
Project("{FAE04EC0-301F-11D3-BF4B-00C04F79EFBC}") = "Integration", "Integration\Integration.csproj", "{2037CC3F-00CA-40D9-8F52-C945648C40B9}"
EndProject
Global
	GlobalSection(SolutionConfigurationPlatforms) = preSolution
		Debug|.NET = Debug|.NET
		Debug|Any CPU = Debug|Any CPU
		Debug|Mixed Platforms = Debug|Mixed Platforms
		Release|.NET = Release|.NET
		Release|Any CPU = Release|Any CPU
		Release|Mixed Platforms = Release|Mixed Platforms
	EndGlobalSection
	GlobalSection(ProjectConfigurationPlatforms) = postSolution
		{1807FDE0-8023-47E3-992A-E20431791F97}.Debug|.NET.ActiveCfg = Debug|Any CPU
		{1807FDE0-8023-47E3-992A-E20431791F97}.Debug|Any CPU.ActiveCfg = Debug|Any CPU
		{1807FDE0-8023-47E3-992A-E20431791F97}.Debug|Any CPU.Build.0 = Debug|Any CPU
		{1807FDE0-8023-47E3-992A-E20431791F97}.Debug|Mixed Platforms.ActiveCfg = Debug|Any CPU
		{1807FDE0-8023-47E3-992A-E20431791F97}.Debug|Mixed Platforms.Build.0 = Debug|Any CPU
		{1807FDE0-8023-47E3-992A-E20431791F97}.Release|.NET.ActiveCfg = Release|Any CPU
		{1807FDE0-8023-47E3-992A-E20431791F97}.Release|Any CPU.ActiveCfg = Release|Any CPU
		{1807FDE0-8023-47E3-992A-E20431791F97}.Release|Any CPU.Build.0 = Release|Any CPU
		{1807FDE0-8023-47E3-992A-E20431791F97}.Release|Mixed Platforms.ActiveCfg = Release|Any CPU
		{1807FDE0-8023-47E3-992A-E20431791F97}.Release|Mixed Platforms.Build.0 = Release|Any CPU
		{80C9F352-5EED-41B2-989A-6628BCAF4D36}.Debug|.NET.ActiveCfg = Debug|Any CPU
		{80C9F352-5EED-41B2-989A-6628BCAF4D36}.Debug|Any CPU.ActiveCfg = Debug|Any CPU
		{80C9F352-5EED-41B2-989A-6628BCAF4D36}.Debug|Any CPU.Build.0 = Debug|Any CPU
		{80C9F352-5EED-41B2-989A-6628BCAF4D36}.Debug|Mixed Platforms.ActiveCfg = Debug|Any CPU
		{80C9F352-5EED-41B2-989A-6628BCAF4D36}.Debug|Mixed Platforms.Build.0 = Debug|Any CPU
		{80C9F352-5EED-41B2-989A-6628BCAF4D36}.Release|.NET.ActiveCfg = Release|Any CPU
		{80C9F352-5EED-41B2-989A-6628BCAF4D36}.Release|Any CPU.ActiveCfg = Release|Any CPU
		{80C9F352-5EED-41B2-989A-6628BCAF4D36}.Release|Any CPU.Build.0 = Release|Any CPU
		{80C9F352-5EED-41B2-989A-6628BCAF4D36}.Release|Mixed Platforms.ActiveCfg = Release|Any CPU
		{80C9F352-5EED-41B2-989A-6628BCAF4D36}.Release|Mixed Platforms.Build.0 = Release|Any CPU
		{75D6B3B6-82B6-448F-8565-DBD2FD467D4F}.Debug|.NET.ActiveCfg = Debug|Any CPU
		{75D6B3B6-82B6-448F-8565-DBD2FD467D4F}.Debug|Any CPU.ActiveCfg = Debug|Any CPU
		{75D6B3B6-82B6-448F-8565-DBD2FD467D4F}.Debug|Any CPU.Build.0 = Debug|Any CPU
		{75D6B3B6-82B6-448F-8565-DBD2FD467D4F}.Debug|Mixed Platforms.ActiveCfg = Debug|Any CPU
		{75D6B3B6-82B6-448F-8565-DBD2FD467D4F}.Debug|Mixed Platforms.Build.0 = Debug|Any CPU
		{75D6B3B6-82B6-448F-8565-DBD2FD467D4F}.Release|.NET.ActiveCfg = Release|Any CPU
		{75D6B3B6-82B6-448F-8565-DBD2FD467D4F}.Release|Any CPU.ActiveCfg = Release|Any CPU
		{75D6B3B6-82B6-448F-8565-DBD2FD467D4F}.Release|Any CPU.Build.0 = Release|Any CPU
		{75D6B3B6-82B6-448F-8565-DBD2FD467D4F}.Release|Mixed Platforms.ActiveCfg = Release|Any CPU
		{75D6B3B6-82B6-448F-8565-DBD2FD467D4F}.Release|Mixed Platforms.Build.0 = Release|Any CPU
		{8A680813-C83B-497A-85E6-E8F07B7D7650}.Debug|.NET.ActiveCfg = Debug|Any CPU
		{8A680813-C83B-497A-85E6-E8F07B7D7650}.Debug|Any CPU.ActiveCfg = Debug|Any CPU
		{8A680813-C83B-497A-85E6-E8F07B7D7650}.Debug|Any CPU.Build.0 = Debug|Any CPU
		{8A680813-C83B-497A-85E6-E8F07B7D7650}.Debug|Mixed Platforms.ActiveCfg = Debug|Any CPU
		{8A680813-C83B-497A-85E6-E8F07B7D7650}.Debug|Mixed Platforms.Build.0 = Debug|Any CPU
		{8A680813-C83B-497A-85E6-E8F07B7D7650}.Release|.NET.ActiveCfg = Release|Any CPU
		{8A680813-C83B-497A-85E6-E8F07B7D7650}.Release|Any CPU.ActiveCfg = Release|Any CPU
		{8A680813-C83B-497A-85E6-E8F07B7D7650}.Release|Any CPU.Build.0 = Release|Any CPU
		{8A680813-C83B-497A-85E6-E8F07B7D7650}.Release|Mixed Platforms.ActiveCfg = Release|Any CPU
		{8A680813-C83B-497A-85E6-E8F07B7D7650}.Release|Mixed Platforms.Build.0 = Release|Any CPU
		{98EFE255-60D6-4C1B-95A6-49779D21E94E}.Debug|.NET.ActiveCfg = Debug|Any CPU
		{98EFE255-60D6-4C1B-95A6-49779D21E94E}.Debug|Any CPU.ActiveCfg = Debug|Any CPU
		{98EFE255-60D6-4C1B-95A6-49779D21E94E}.Debug|Any CPU.Build.0 = Debug|Any CPU
		{98EFE255-60D6-4C1B-95A6-49779D21E94E}.Debug|Mixed Platforms.ActiveCfg = Debug|Any CPU
		{98EFE255-60D6-4C1B-95A6-49779D21E94E}.Debug|Mixed Platforms.Build.0 = Debug|Any CPU
		{98EFE255-60D6-4C1B-95A6-49779D21E94E}.Release|.NET.ActiveCfg = Release|Any CPU
		{98EFE255-60D6-4C1B-95A6-49779D21E94E}.Release|Any CPU.ActiveCfg = Release|Any CPU
		{98EFE255-60D6-4C1B-95A6-49779D21E94E}.Release|Any CPU.Build.0 = Release|Any CPU
		{98EFE255-60D6-4C1B-95A6-49779D21E94E}.Release|Mixed Platforms.ActiveCfg = Release|Any CPU
		{98EFE255-60D6-4C1B-95A6-49779D21E94E}.Release|Mixed Platforms.Build.0 = Release|Any CPU
		{72AFCFE8-C9E9-45FA-9698-BEE896A517A3}.Debug|.NET.ActiveCfg = Debug|Any CPU
		{72AFCFE8-C9E9-45FA-9698-BEE896A517A3}.Debug|Any CPU.ActiveCfg = Debug|Any CPU
		{72AFCFE8-C9E9-45FA-9698-BEE896A517A3}.Debug|Any CPU.Build.0 = Debug|Any CPU
		{72AFCFE8-C9E9-45FA-9698-BEE896A517A3}.Debug|Mixed Platforms.ActiveCfg = Debug|Any CPU
		{72AFCFE8-C9E9-45FA-9698-BEE896A517A3}.Debug|Mixed Platforms.Build.0 = Debug|Any CPU
		{72AFCFE8-C9E9-45FA-9698-BEE896A517A3}.Release|.NET.ActiveCfg = Release|Any CPU
		{72AFCFE8-C9E9-45FA-9698-BEE896A517A3}.Release|Any CPU.ActiveCfg = Release|Any CPU
		{72AFCFE8-C9E9-45FA-9698-BEE896A517A3}.Release|Any CPU.Build.0 = Release|Any CPU
		{72AFCFE8-C9E9-45FA-9698-BEE896A517A3}.Release|Mixed Platforms.ActiveCfg = Release|Any CPU
		{72AFCFE8-C9E9-45FA-9698-BEE896A517A3}.Release|Mixed Platforms.Build.0 = Release|Any CPU
		{A2C4864F-8976-4C5B-A2BF-60AE31749BB7}.Debug|.NET.ActiveCfg = Debug|Any CPU
		{A2C4864F-8976-4C5B-A2BF-60AE31749BB7}.Debug|Any CPU.ActiveCfg = Debug|Any CPU
		{A2C4864F-8976-4C5B-A2BF-60AE31749BB7}.Debug|Any CPU.Build.0 = Debug|Any CPU
		{A2C4864F-8976-4C5B-A2BF-60AE31749BB7}.Debug|Mixed Platforms.ActiveCfg = Debug|Any CPU
		{A2C4864F-8976-4C5B-A2BF-60AE31749BB7}.Debug|Mixed Platforms.Build.0 = Debug|Any CPU
		{A2C4864F-8976-4C5B-A2BF-60AE31749BB7}.Release|.NET.ActiveCfg = Release|Any CPU
		{A2C4864F-8976-4C5B-A2BF-60AE31749BB7}.Release|Any CPU.ActiveCfg = Release|Any CPU
		{A2C4864F-8976-4C5B-A2BF-60AE31749BB7}.Release|Any CPU.Build.0 = Release|Any CPU
		{A2C4864F-8976-4C5B-A2BF-60AE31749BB7}.Release|Mixed Platforms.ActiveCfg = Release|Any CPU
		{A2C4864F-8976-4C5B-A2BF-60AE31749BB7}.Release|Mixed Platforms.Build.0 = Release|Any CPU
		{42D52206-A0F4-4624-B3DA-D554DC6A5C09}.Debug|.NET.ActiveCfg = Debug|Any CPU
		{42D52206-A0F4-4624-B3DA-D554DC6A5C09}.Debug|Any CPU.ActiveCfg = Debug|Any CPU
		{42D52206-A0F4-4624-B3DA-D554DC6A5C09}.Debug|Any CPU.Build.0 = Debug|Any CPU
		{42D52206-A0F4-4624-B3DA-D554DC6A5C09}.Debug|Mixed Platforms.ActiveCfg = Debug|Any CPU
		{42D52206-A0F4-4624-B3DA-D554DC6A5C09}.Debug|Mixed Platforms.Build.0 = Debug|Any CPU
		{42D52206-A0F4-4624-B3DA-D554DC6A5C09}.Release|.NET.ActiveCfg = Release|Any CPU
		{42D52206-A0F4-4624-B3DA-D554DC6A5C09}.Release|Any CPU.ActiveCfg = Release|Any CPU
		{42D52206-A0F4-4624-B3DA-D554DC6A5C09}.Release|Any CPU.Build.0 = Release|Any CPU
		{42D52206-A0F4-4624-B3DA-D554DC6A5C09}.Release|Mixed Platforms.ActiveCfg = Release|Any CPU
		{42D52206-A0F4-4624-B3DA-D554DC6A5C09}.Release|Mixed Platforms.Build.0 = Release|Any CPU
		{CD94B599-2068-48C8-ABFB-D60E86C33613}.Debug|.NET.ActiveCfg = Debug|Any CPU
		{CD94B599-2068-48C8-ABFB-D60E86C33613}.Debug|Any CPU.ActiveCfg = Debug|Any CPU
		{CD94B599-2068-48C8-ABFB-D60E86C33613}.Debug|Any CPU.Build.0 = Debug|Any CPU
		{CD94B599-2068-48C8-ABFB-D60E86C33613}.Debug|Mixed Platforms.ActiveCfg = Debug|Any CPU
		{CD94B599-2068-48C8-ABFB-D60E86C33613}.Debug|Mixed Platforms.Build.0 = Debug|Any CPU
		{CD94B599-2068-48C8-ABFB-D60E86C33613}.Release|.NET.ActiveCfg = Release|Any CPU
		{CD94B599-2068-48C8-ABFB-D60E86C33613}.Release|Any CPU.ActiveCfg = Release|Any CPU
		{CD94B599-2068-48C8-ABFB-D60E86C33613}.Release|Any CPU.Build.0 = Release|Any CPU
		{CD94B599-2068-48C8-ABFB-D60E86C33613}.Release|Mixed Platforms.ActiveCfg = Release|Any CPU
		{CD94B599-2068-48C8-ABFB-D60E86C33613}.Release|Mixed Platforms.Build.0 = Release|Any CPU
		{FACEFF67-13A0-4424-921A-A51A85260078}.Debug|.NET.ActiveCfg = Debug|Any CPU
		{FACEFF67-13A0-4424-921A-A51A85260078}.Debug|Any CPU.ActiveCfg = Debug|Any CPU
		{FACEFF67-13A0-4424-921A-A51A85260078}.Debug|Any CPU.Build.0 = Debug|Any CPU
		{FACEFF67-13A0-4424-921A-A51A85260078}.Debug|Mixed Platforms.ActiveCfg = Debug|Any CPU
		{FACEFF67-13A0-4424-921A-A51A85260078}.Debug|Mixed Platforms.Build.0 = Debug|Any CPU
		{FACEFF67-13A0-4424-921A-A51A85260078}.Release|.NET.ActiveCfg = Release|Any CPU
		{FACEFF67-13A0-4424-921A-A51A85260078}.Release|Any CPU.ActiveCfg = Release|Any CPU
		{FACEFF67-13A0-4424-921A-A51A85260078}.Release|Any CPU.Build.0 = Release|Any CPU
		{FACEFF67-13A0-4424-921A-A51A85260078}.Release|Mixed Platforms.ActiveCfg = Release|Any CPU
		{FACEFF67-13A0-4424-921A-A51A85260078}.Release|Mixed Platforms.Build.0 = Release|Any CPU
		{2037CC3F-00CA-40D9-8F52-C945648C40B9}.Debug|.NET.ActiveCfg = Debug|Any CPU
		{2037CC3F-00CA-40D9-8F52-C945648C40B9}.Debug|Any CPU.ActiveCfg = Debug|Any CPU
		{2037CC3F-00CA-40D9-8F52-C945648C40B9}.Debug|Any CPU.Build.0 = Debug|Any CPU
		{2037CC3F-00CA-40D9-8F52-C945648C40B9}.Debug|Mixed Platforms.ActiveCfg = Debug|Any CPU
		{2037CC3F-00CA-40D9-8F52-C945648C40B9}.Debug|Mixed Platforms.Build.0 = Debug|Any CPU
		{2037CC3F-00CA-40D9-8F52-C945648C40B9}.Release|.NET.ActiveCfg = Release|Any CPU
		{2037CC3F-00CA-40D9-8F52-C945648C40B9}.Release|Any CPU.ActiveCfg = Release|Any CPU
		{2037CC3F-00CA-40D9-8F52-C945648C40B9}.Release|Any CPU.Build.0 = Release|Any CPU
		{2037CC3F-00CA-40D9-8F52-C945648C40B9}.Release|Mixed Platforms.ActiveCfg = Release|Any CPU
		{2037CC3F-00CA-40D9-8F52-C945648C40B9}.Release|Mixed Platforms.Build.0 = Release|Any CPU
	EndGlobalSection
	GlobalSection(SolutionProperties) = preSolution
		HideSolutionNode = FALSE
	EndGlobalSection
	GlobalSection(NestedProjects) = preSolution
		{80C9F352-5EED-41B2-989A-6628BCAF4D36} = {4819EC42-24B7-409C-AD69-33AB3E883BBC}
		{75D6B3B6-82B6-448F-8565-DBD2FD467D4F} = {4819EC42-24B7-409C-AD69-33AB3E883BBC}
		{8A680813-C83B-497A-85E6-E8F07B7D7650} = {4819EC42-24B7-409C-AD69-33AB3E883BBC}
		{98EFE255-60D6-4C1B-95A6-49779D21E94E} = {4819EC42-24B7-409C-AD69-33AB3E883BBC}
		{72AFCFE8-C9E9-45FA-9698-BEE896A517A3} = {4819EC42-24B7-409C-AD69-33AB3E883BBC}
		{A2C4864F-8976-4C5B-A2BF-60AE31749BB7} = {4819EC42-24B7-409C-AD69-33AB3E883BBC}
		{42D52206-A0F4-4624-B3DA-D554DC6A5C09} = {4819EC42-24B7-409C-AD69-33AB3E883BBC}
		{CD94B599-2068-48C8-ABFB-D60E86C33613} = {4819EC42-24B7-409C-AD69-33AB3E883BBC}
		{FACEFF67-13A0-4424-921A-A51A85260078} = {31EC5253-AF84-4373-AD6D-4098FFDAF4E4}
		{2037CC3F-00CA-40D9-8F52-C945648C40B9} = {31EC5253-AF84-4373-AD6D-4098FFDAF4E4}
	EndGlobalSection
EndGlobal
